
Microsoft Visual Studio Solution File, Format Version 12.00
# Visual Studio Version 17
VisualStudioVersion = 17.1.32210.238
MinimumVisualStudioVersion = 10.0.40219.1
Project("{FAE04EC0-301F-11D3-BF4B-00C04F79EFBC}") = "ARS.Inventory.Management.Web", "ARS.Inventory.Management\ARS.Inventory.Management.Web.csproj", "{6BCE2BDB-518E-4B30-9037-35208CB9D562}"
EndProject
Project("{FAE04EC0-301F-11D3-BF4B-00C04F79EFBC}") = "ARS.Inventory.Management.Domain", "ARS.Inventory.Management.Domain\ARS.Inventory.Management.Domain.csproj", "{7C3B76D6-3919-4E67-90E2-D4FD1CE7FFEA}"
EndProject
Project("{FAE04EC0-301F-11D3-BF4B-00C04F79EFBC}") = "ARS.Inventory.Management.Application", "ARS.Inventory.Management.Application\ARS.Inventory.Management.Application.csproj", "{A6E03594-4244-411A-95C5-4D6E311F3BBF}"
EndProject
Project("{FAE04EC0-301F-11D3-BF4B-00C04F79EFBC}") = "ARS.Inventory.Management.Infrastructure", "ARS.Inventory.Management.Infrastructure\ARS.Inventory.Management.Infrastructure.csproj", "{1F3E55FD-AB56-40A6-B010-DEC3328C590F}"
EndProject
Global
	GlobalSection(SolutionConfigurationPlatforms) = preSolution
		Debug|Any CPU = Debug|Any CPU
		Release|Any CPU = Release|Any CPU
	EndGlobalSection
	GlobalSection(ProjectConfigurationPlatforms) = postSolution
		{6BCE2BDB-518E-4B30-9037-35208CB9D562}.Debug|Any CPU.ActiveCfg = Debug|Any CPU
		{6BCE2BDB-518E-4B30-9037-35208CB9D562}.Debug|Any CPU.Build.0 = Debug|Any CPU
		{6BCE2BDB-518E-4B30-9037-35208CB9D562}.Release|Any CPU.ActiveCfg = Release|Any CPU
		{6BCE2BDB-518E-4B30-9037-35208CB9D562}.Release|Any CPU.Build.0 = Release|Any CPU
		{7C3B76D6-3919-4E67-90E2-D4FD1CE7FFEA}.Debug|Any CPU.ActiveCfg = Debug|Any CPU
		{7C3B76D6-3919-4E67-90E2-D4FD1CE7FFEA}.Debug|Any CPU.Build.0 = Debug|Any CPU
		{7C3B76D6-3919-4E67-90E2-D4FD1CE7FFEA}.Release|Any CPU.ActiveCfg = Release|Any CPU
		{7C3B76D6-3919-4E67-90E2-D4FD1CE7FFEA}.Release|Any CPU.Build.0 = Release|Any CPU
		{A6E03594-4244-411A-95C5-4D6E311F3BBF}.Debug|Any CPU.ActiveCfg = Debug|Any CPU
		{A6E03594-4244-411A-95C5-4D6E311F3BBF}.Debug|Any CPU.Build.0 = Debug|Any CPU
		{A6E03594-4244-411A-95C5-4D6E311F3BBF}.Release|Any CPU.ActiveCfg = Release|Any CPU
		{A6E03594-4244-411A-95C5-4D6E311F3BBF}.Release|Any CPU.Build.0 = Release|Any CPU
		{1F3E55FD-AB56-40A6-B010-DEC3328C590F}.Debug|Any CPU.ActiveCfg = Debug|Any CPU
		{1F3E55FD-AB56-40A6-B010-DEC3328C590F}.Debug|Any CPU.Build.0 = Debug|Any CPU
		{1F3E55FD-AB56-40A6-B010-DEC3328C590F}.Release|Any CPU.ActiveCfg = Release|Any CPU
		{1F3E55FD-AB56-40A6-B010-DEC3328C590F}.Release|Any CPU.Build.0 = Release|Any CPU
	EndGlobalSection
	GlobalSection(SolutionProperties) = preSolution
		HideSolutionNode = FALSE
	EndGlobalSection
	GlobalSection(ExtensibilityGlobals) = postSolution
		SolutionGuid = {9619AAB5-74D7-4D23-A22E-C591993CFB6C}
	EndGlobalSection
EndGlobal
